{
  "version": 4,
  "terraform_version": "1.14.3",
  "serial": 19,
  "lineage": "f392c4bc-82ac-1489-40a3-519ee2ba6d1f",
  "outputs": {},
  "resources": [
    {
      "mode": "managed",
      "type": "local_file",
      "name": "f1",
      "provider": "provider[\"registry.terraform.io/hashicorp/local\"]",
      "instances": [
        {
          "schema_version": 0,
          "attributes": {
            "content": "Default content",
            "content_base64": null,
            "content_base64sha256": "xoSaZtfAWoMa9yd6+JMz3B87WWPI7BsO4vygQ6KvXS8=",
            "content_base64sha512": "yUnzOoi0uCADly7u2Z4+3xUI0Lee8oNt47rsGIH2/PyVCcrPYJJ+Hzfd1XW+piH7aRS5FZ7j4R74xrPAggKumg==",
            "content_md5": "7e9bf0b6af6a45471d0e65f1219b5785",
            "content_sha1": "f6a7dd7d5becd3e89b48026e022bee9de66b5e50",
            "content_sha256": "c6849a66d7c05a831af7277af89333dc1f3b5963c8ec1b0ee2fca043a2af5d2f",
            "content_sha512": "c949f33a88b4b82003972eeed99e3edf1508d0b79ef2836de3baec1881f6fcfc9509cacf60927e1f37ddd575bea621fb6914b9159ee3e11ef8c6b3c08202ae9a",
            "directory_permission": "0777",
            "file_permission": "0777",
            "filename": "abc",
            "id": "f6a7dd7d5becd3e89b48026e022bee9de66b5e50",
            "sensitive_content": null,
            "source": null
          },
          "sensitive_attributes": [
            [
              {
                "type": "get_attr",
                "value": "sensitive_content"
              }
            ]
          ],
          "identity_schema_version": 0
        }
      ]
    },
    {
      "mode": "managed",
      "type": "local_file",
      "name": "f2",
      "provider": "provider[\"registry.terraform.io/hashicorp/local\"]",
      "instances": [
        {
          "schema_version": 0,
          "attributes": {
            "content": "f2 default content",
            "content_base64": null,
            "content_base64sha256": "SLLBvBIfmzu1R0M0S41O16D6PmhgkEDpcxndanF96xI=",
            "content_base64sha512": "ELMAFwTiSBriw0ixRv+w//9wPKCjRHfSO5cbaAH0za5HPJT3ujo4pslh5ox/STJi2UwDBhtfQDLmG1+bVj8+fw==",
            "content_md5": "15bedf50f7fc204ed004569398bef136",
            "content_sha1": "c656303bcec6db68d5b05487fac03a9c6db9928f",
            "content_sha256": "48b2c1bc121f9b3bb54743344b8d4ed7a0fa3e68609040e97319dd6a717deb12",
            "content_sha512": "10b3001704e2481ae2c348b146ffb0ffff703ca0a34477d23b971b6801f4cdae473c94f7ba3a38a6c961e68c7f493262d94c03061b5f4032e61b5f9b563f3e7f",
            "directory_permission": "0777",
            "file_permission": "0777",
            "filename": "xyz",
            "id": "c656303bcec6db68d5b05487fac03a9c6db9928f",
            "sensitive_content": null,
            "source": null
          },
          "sensitive_attributes": [
            [
              {
                "type": "get_attr",
                "value": "sensitive_content"
              }
            ]
          ],
          "identity_schema_version": 0
        }
      ]
    },
    {
      "mode": "managed",
      "type": "local_file",
      "name": "f3",
      "provider": "provider[\"registry.terraform.io/hashicorp/local\"]",
      "instances": [
        {
          "schema_version": 0,
          "attributes": {
            "content": "aaa",
            "content_base64": null,
            "content_base64sha256": "mDSHbc+wXLFnpcJJU+uljErImxrfV/KPL50JrxB+6PA=",
            "content_base64sha512": "1vZEsZgS6XtdhxZY1tNADs1Hh/rrm4mQwedggohmS+dyVxBKWNAzvPGg4JRf8GRo6+U+Lf824khCTHJzEX2sCQ==",
            "content_md5": "47bce5c74f589f4867dbd57e9ca9f808",
            "content_sha1": "7e240de74fb1ed08fa08d38063f6a6a91462a815",
            "content_sha256": "9834876dcfb05cb167a5c24953eba58c4ac89b1adf57f28f2f9d09af107ee8f0",
            "content_sha512": "d6f644b19812e97b5d871658d6d3400ecd4787faeb9b8990c1e7608288664be77257104a58d033bcf1a0e0945ff06468ebe53e2dff36e248424c7273117dac09",
            "directory_permission": "0777",
            "file_permission": "0777",
            "filename": "abcd",
            "id": "7e240de74fb1ed08fa08d38063f6a6a91462a815",
            "sensitive_content": null,
            "source": null
          },
          "sensitive_attributes": [
            [
              {
                "type": "get_attr",
                "value": "sensitive_content"
              }
            ]
          ],
          "identity_schema_version": 0
        }
      ]
    },
    {
      "mode": "managed",
      "type": "local_file",
      "name": "f4",
      "provider": "provider[\"registry.terraform.io/hashicorp/local\"]",
      "instances": [
        {
          "schema_version": 0,
          "attributes": {
            "content": "shdf",
            "content_base64": null,
            "content_base64sha256": "P/hNX7SpmngIUXrbArr6FxzZKiCiu3+r9ivZz2xtADM=",
            "content_base64sha512": "8lkvJSXdPwj0mZqpNH6Cjp60++JfrNQhF+BaQJ7CpQn5DSjG1CSWsgVB269o99LouYMrsiU3AQEEcBRPgoEuMg==",
            "content_md5": "1c3ecaf770bd6ef309fce38a3341c293",
            "content_sha1": "c97dbee47f1512890aa00513e97ef4d1e4115c9b",
            "content_sha256": "3ff84d5fb4a99a7808517adb02bafa171cd92a20a2bb7fabf62bd9cf6c6d0033",
            "content_sha512": "f2592f2525dd3f08f4999aa9347e828e9eb4fbe25facd42117e05a409ec2a509f90d28c6d42496b20541dbaf68f7d2e8b9832bb2253701010470144f82812e32",
            "directory_permission": "0777",
            "file_permission": "0777",
            "filename": "xyz2",
            "id": "c97dbee47f1512890aa00513e97ef4d1e4115c9b",
            "sensitive_content": null,
            "source": null
          },
          "sensitive_attributes": [
            [
              {
                "type": "get_attr",
                "value": "sensitive_content"
              }
            ]
          ],
          "identity_schema_version": 0,
          "dependencies": [
            "local_file.f2",
            "local_file.f3"
          ]
        }
      ]
    }
  ],
  "check_results": null
}
