{
  "version": 4,
  "terraform_version": "1.14.3",
  "serial": 121,
  "lineage": "3f3de558-fcfa-bd2a-10ed-9d62a49b3c0c",
  "outputs": {},
  "resources": [
    {
      "mode": "managed",
      "type": "local_file",
      "name": "mlp",
      "provider": "provider[\"registry.terraform.io/hashicorp/local\"]",
      "instances": [
        {
          "index_key": "address",
          "schema_version": 0,
          "attributes": {
            "content": "default",
            "content_base64": null,
            "content_base64sha256": "N6juwc4ZaH0TL+KQUdymKdFk4sSVi6FB1fQTOjPwaI8=",
            "content_base64sha512": "FiXNt10l2faZ/Sd59ECVtuMgdn9gbwlet+2rVYHp40Qa27DWKIMvfcRXSnejgpc84ikRt+TfKp0saTgmu9ElvA==",
            "content_md5": "c21f969b5f03d33d43e04f8f136e7682",
            "content_sha1": "7505d64a54e061b7acd54ccd58b49dc43500b635",
            "content_sha256": "37a8eec1ce19687d132fe29051dca629d164e2c4958ba141d5f4133a33f0688f",
            "content_sha512": "1625cdb75d25d9f699fd2779f44095b6e320767f606f095eb7edab5581e9e3441adbb0d628832f7dc4574a77a382973ce22911b7e4df2a9d2c693826bbd125bc",
            "directory_permission": "0777",
            "file_permission": "0777",
            "filename": "birur",
            "id": "7505d64a54e061b7acd54ccd58b49dc43500b635",
            "sensitive_content": null,
            "source": null
          },
          "sensitive_attributes": [
            [
              {
                "type": "get_attr",
                "value": "sensitive_content"
              }
            ]
          ],
          "identity_schema_version": 0
        },
        {
          "index_key": "name",
          "schema_version": 0,
          "attributes": {
            "content": "default",
            "content_base64": null,
            "content_base64sha256": "N6juwc4ZaH0TL+KQUdymKdFk4sSVi6FB1fQTOjPwaI8=",
            "content_base64sha512": "FiXNt10l2faZ/Sd59ECVtuMgdn9gbwlet+2rVYHp40Qa27DWKIMvfcRXSnejgpc84ikRt+TfKp0saTgmu9ElvA==",
            "content_md5": "c21f969b5f03d33d43e04f8f136e7682",
            "content_sha1": "7505d64a54e061b7acd54ccd58b49dc43500b635",
            "content_sha256": "37a8eec1ce19687d132fe29051dca629d164e2c4958ba141d5f4133a33f0688f",
            "content_sha512": "1625cdb75d25d9f699fd2779f44095b6e320767f606f095eb7edab5581e9e3441adbb0d628832f7dc4574a77a382973ce22911b7e4df2a9d2c693826bbd125bc",
            "directory_permission": "0777",
            "file_permission": "0777",
            "filename": "chidu",
            "id": "7505d64a54e061b7acd54ccd58b49dc43500b635",
            "sensitive_content": null,
            "source": null
          },
          "sensitive_attributes": [
            [
              {
                "type": "get_attr",
                "value": "sensitive_content"
              }
            ]
          ],
          "identity_schema_version": 0
        }
      ]
    }
  ],
  "check_results": null
}
