{
  "version": 4,
  "terraform_version": "1.14.3",
  "serial": 12,
  "lineage": "e9c3dcf3-1426-fe01-9e62-2207e8a8210c",
  "outputs": {},
  "resources": [
    {
      "module": "module.m1",
      "mode": "managed",
      "type": "local_file",
      "name": "lf1",
      "provider": "provider[\"registry.terraform.io/hashicorp/local\"]",
      "instances": [
        {
          "schema_version": 0,
          "attributes": {
            "content": "How are you",
            "content_base64": null,
            "content_base64sha256": "nH1bBGh4g42nLkDOsxeVgJWN9USyQIabgNAnXMByCcw=",
            "content_base64sha512": "kD8F6hPBXBztXyeb/utp2KBy1mZEp8EsJ7ql3olSOsyi4j7i8S04TMh80gZNDP6eedPP21AM9U9ksCVlcSpWpQ==",
            "content_md5": "c6ebe4801785f34e14955085b009e96d",
            "content_sha1": "fcbb38898b63d2255b64de7799c4af3de6ce054e",
            "content_sha256": "9c7d5b046878838da72e40ceb3179580958df544b240869b80d0275cc07209cc",
            "content_sha512": "903f05ea13c15c1ced5f279bfeeb69d8a072d66644a7c12c27baa5de89523acca2e23ee2f12d384cc87cd2064d0cfe9e79d3cfdb500cf54f64b02565712a56a5",
            "directory_permission": "0777",
            "file_permission": "0777",
            "filename": "Hello world",
            "id": "fcbb38898b63d2255b64de7799c4af3de6ce054e",
            "sensitive_content": null,
            "source": null
          },
          "sensitive_attributes": [
            [
              {
                "type": "get_attr",
                "value": "sensitive_content"
              }
            ]
          ],
          "identity_schema_version": 0
        }
      ]
    },
    {
      "module": "module.m2",
      "mode": "managed",
      "type": "local_file",
      "name": "lf1",
      "provider": "provider[\"registry.terraform.io/hashicorp/local\"]",
      "instances": [
        {
          "schema_version": 0,
          "attributes": {
            "content": "testing",
            "content_base64": null,
            "content_base64sha256": "z4DNiu1ILV0VJ9fccvzv+E5jJlkoSER9LcCw6H38mpA=",
            "content_base64sha512": "UhuczvvNFNF556G7h3dShwptYgk4sopmoQfqxuaAW50JifRbVzBQgEGqXnEIR9Q56nTNMSyTVfHy2uCNQOQdUA==",
            "content_md5": "ae2b1fca515949e5d54fb22b8ed95575",
            "content_sha1": "dc724af18fbdd4e59189f5fe768a5f8311527050",
            "content_sha256": "cf80cd8aed482d5d1527d7dc72fceff84e6326592848447d2dc0b0e87dfc9a90",
            "content_sha512": "521b9ccefbcd14d179e7a1bb877752870a6d620938b28a66a107eac6e6805b9d0989f45b5730508041aa5e710847d439ea74cd312c9355f1f2dae08d40e41d50",
            "directory_permission": "0777",
            "file_permission": "0777",
            "filename": "abc.txt",
            "id": "dc724af18fbdd4e59189f5fe768a5f8311527050",
            "sensitive_content": null,
            "source": null
          },
          "sensitive_attributes": [
            [
              {
                "type": "get_attr",
                "value": "sensitive_content"
              }
            ]
          ],
          "identity_schema_version": 0
        }
      ]
    },
    {
      "module": "module.m3",
      "mode": "data",
      "type": "local_file",
      "name": "readfile",
      "provider": "provider[\"registry.terraform.io/hashicorp/local\"]",
      "instances": [
        {
          "schema_version": 0,
          "attributes": {
            "content": "testing",
            "content_base64": "dGVzdGluZw==",
            "content_base64sha256": "z4DNiu1ILV0VJ9fccvzv+E5jJlkoSER9LcCw6H38mpA=",
            "content_base64sha512": "UhuczvvNFNF556G7h3dShwptYgk4sopmoQfqxuaAW50JifRbVzBQgEGqXnEIR9Q56nTNMSyTVfHy2uCNQOQdUA==",
            "content_md5": "ae2b1fca515949e5d54fb22b8ed95575",
            "content_sha1": "dc724af18fbdd4e59189f5fe768a5f8311527050",
            "content_sha256": "cf80cd8aed482d5d1527d7dc72fceff84e6326592848447d2dc0b0e87dfc9a90",
            "content_sha512": "521b9ccefbcd14d179e7a1bb877752870a6d620938b28a66a107eac6e6805b9d0989f45b5730508041aa5e710847d439ea74cd312c9355f1f2dae08d40e41d50",
            "filename": "/Users/chidu/Desktop/Devops/terraform/modules/abc.txt",
            "id": "dc724af18fbdd4e59189f5fe768a5f8311527050"
          },
          "sensitive_attributes": [],
          "identity_schema_version": 0
        }
      ]
    },
    {
      "module": "module.m3",
      "mode": "managed",
      "type": "local_file",
      "name": "r1",
      "provider": "provider[\"registry.terraform.io/hashicorp/local\"]",
      "instances": [
        {
          "schema_version": 0,
          "attributes": {
            "content": "dGVzdGluZw==",
            "content_base64": null,
            "content_base64sha256": "ElbOJKOkFWiZLQeoxf+wb3IpOsQCdvoM0y/wn0TEkxM=",
            "content_base64sha512": "CagmMhKtn3bTsAxXtzb7w6+dkyJQJSDIXkgvDwUelPMwVu2j+qLdy0vOszxeedCzR49r+NHdAclKnCdgZFwIlQ==",
            "content_md5": "eb6cc74c85c45cd4e8547b1d470149ba",
            "content_sha1": "1ee125aa9828464a5df9650df2d8db5e9aca83e2",
            "content_sha256": "1256ce24a3a41568992d07a8c5ffb06f72293ac40276fa0cd32ff09f44c49313",
            "content_sha512": "09a8263212ad9f76d3b00c57b736fbc3af9d9322502520c85e482f0f051e94f33056eda3faa2ddcb4bceb33c5e79d0b3478f6bf8d1dd01c94a9c2760645c0895",
            "directory_permission": "0777",
            "file_permission": "0777",
            "filename": "file.txt",
            "id": "1ee125aa9828464a5df9650df2d8db5e9aca83e2",
            "sensitive_content": null,
            "source": null
          },
          "sensitive_attributes": [
            [
              {
                "type": "get_attr",
                "value": "sensitive_content"
              }
            ]
          ],
          "identity_schema_version": 0,
          "dependencies": [
            "module.m3.data.local_file.readfile"
          ]
        }
      ]
    }
  ],
  "check_results": null
}
