{
  "version": 4,
  "terraform_version": "1.14.3",
  "serial": 5,
  "lineage": "a367956a-b823-960e-5322-8e946b26a534",
  "outputs": {},
  "resources": [
    {
      "mode": "managed",
      "type": "local_file",
      "name": "demo_file",
      "provider": "provider[\"registry.terraform.io/hashicorp/local\"]",
      "instances": [
        {
          "schema_version": 0,
          "attributes": {
            "content": "Hello, this file was created using Terraform!",
            "content_base64": null,
            "content_base64sha256": "BWaN2QI1bDxN0LSS78GwwiuDGv2rAMVN799P9SNuFQk=",
            "content_base64sha512": "vfnq0xwWxBgXMxm2IoTFwaS5W2PK2gKGJxAvVr8zsCHz5s6a0cHDbrUo7/lnUJSJ07AF7aT9ddrMk0wClw34Eg==",
            "content_md5": "d68590ce1be2e224e54229128b10d252",
            "content_sha1": "c93bc2a747137e5771e24e40cbe2e1d7db98c21d",
            "content_sha256": "05668dd902356c3c4dd0b492efc1b0c22b831afdab00c54defdf4ff5236e1509",
            "content_sha512": "bdf9ead31c16c418173319b62284c5c1a4b95b63cada028627102f56bf33b021f3e6ce9ad1c1c36eb528eff967509489d3b005eda4fd75dacc934c02970df812",
            "directory_permission": "0777",
            "file_permission": "0777",
            "filename": "hello_terraform.txt",
            "id": "c93bc2a747137e5771e24e40cbe2e1d7db98c21d",
            "sensitive_content": null,
            "source": null
          },
          "sensitive_attributes": [
            [
              {
                "type": "get_attr",
                "value": "sensitive_content"
              }
            ]
          ],
          "identity_schema_version": 0
        }
      ]
    },
    {
      "mode": "managed",
      "type": "local_file",
      "name": "demo_file1",
      "provider": "provider[\"registry.terraform.io/hashicorp/local\"]",
      "instances": [
        {
          "schema_version": 0,
          "attributes": {
            "content": "This is the first file out of 3 files",
            "content_base64": null,
            "content_base64sha256": "oGk16ApxyjA7NV5HgUwWJqZ19QDE3YcTZOcQk8cAu1Q=",
            "content_base64sha512": "/3D9maWChEQvtwXu62LbRFRYht92c9t3zxLq7/2j6NEarvgHPbYknzV6IgdmZpPeOZNR45fVneVESzCkP2M+Cg==",
            "content_md5": "c5e4d6b5da91c35a332e5b0d61078a47",
            "content_sha1": "a3346d63a7157bbb5558c0863e671442c354b711",
            "content_sha256": "a06935e80a71ca303b355e47814c1626a675f500c4dd871364e71093c700bb54",
            "content_sha512": "ff70fd99a58284442fb705eeeb62db44545886df7673db77cf12eaeffda3e8d11aaef8073db6249f357a2207666693de399351e397d59de5444b30a43f633e0a",
            "directory_permission": "0777",
            "file_permission": "0777",
            "filename": "file1.txt",
            "id": "a3346d63a7157bbb5558c0863e671442c354b711",
            "sensitive_content": null,
            "source": null
          },
          "sensitive_attributes": [
            [
              {
                "type": "get_attr",
                "value": "sensitive_content"
              }
            ]
          ],
          "identity_schema_version": 0
        }
      ]
    },
    {
      "mode": "managed",
      "type": "local_file",
      "name": "demo_file2",
      "provider": "provider[\"registry.terraform.io/hashicorp/local\"]",
      "instances": [
        {
          "schema_version": 0,
          "attributes": {
            "content": "This is the second file out of 3 files",
            "content_base64": null,
            "content_base64sha256": "ROAIOMABtwRBcOW/MdDXMsTOlIqnDslMbsvonNuysWs=",
            "content_base64sha512": "AcL2pEWQrtkKyMixjRSV3qAK6azqzEVmeahYFQid5/ENYerqCCbCe8ugfhSSsLM/A84laUY62PBIFaTt3GbFyA==",
            "content_md5": "8d0dd97f9b381dc4bf865b7cd25ebb9a",
            "content_sha1": "3cdaba33217e6d578823ad6ba5d609d02ecd9fd7",
            "content_sha256": "44e00838c001b7044170e5bf31d0d732c4ce948aa70ec94c6ecbe89cdbb2b16b",
            "content_sha512": "01c2f6a44590aed90ac8c8b18d1495dea00ae9aceacc456679a85815089de7f10d61eaea0826c27bcba07e1492b0b33f03ce2569463ad8f04815a4eddc66c5c8",
            "directory_permission": "0777",
            "file_permission": "0777",
            "filename": "file2.txt",
            "id": "3cdaba33217e6d578823ad6ba5d609d02ecd9fd7",
            "sensitive_content": null,
            "source": null
          },
          "sensitive_attributes": [
            [
              {
                "type": "get_attr",
                "value": "sensitive_content"
              }
            ]
          ],
          "identity_schema_version": 0
        }
      ]
    },
    {
      "mode": "managed",
      "type": "local_file",
      "name": "demo_file3",
      "provider": "provider[\"registry.terraform.io/hashicorp/local\"]",
      "instances": [
        {
          "schema_version": 0,
          "attributes": {
            "content": "This is the third file out of 3 files",
            "content_base64": null,
            "content_base64sha256": "0nGlB01pAfMXfvorWFMnrrLhiP2JY2h7anxbosVCSJA=",
            "content_base64sha512": "MPbBdMc6ayjSxgmq/Hty0myqivR3xoWd1kp2NBvIy//d4zKYpCtjOAklIip6eR9D6MBGrPI03XHo7fOMzX66KQ==",
            "content_md5": "63a3ab73f61633a8d9d5e0e5f0d948ff",
            "content_sha1": "184123454043de6dd69eee16aa3d12e0ec411158",
            "content_sha256": "d271a5074d6901f3177efa2b585327aeb2e188fd8963687b6a7c5ba2c5424890",
            "content_sha512": "30f6c174c73a6b28d2c609aafc7b72d26caa8af477c6859dd64a76341bc8cbffdde33298a42b63380925222a7a791f43e8c046acf234dd71e8edf38ccd7eba29",
            "directory_permission": "0777",
            "file_permission": "0777",
            "filename": "file3.txt",
            "id": "184123454043de6dd69eee16aa3d12e0ec411158",
            "sensitive_content": null,
            "source": null
          },
          "sensitive_attributes": [
            [
              {
                "type": "get_attr",
                "value": "sensitive_content"
              }
            ]
          ],
          "identity_schema_version": 0
        }
      ]
    }
  ],
  "check_results": null
}
