{
  "version": 4,
  "terraform_version": "1.14.3",
  "serial": 36,
  "lineage": "9a97a68b-e6d4-2fb5-2c3e-a3c3293ea2eb",
  "outputs": {
    "result": {
      "value": 27,
      "type": "number"
    }
  },
  "resources": [
    {
      "mode": "managed",
      "type": "random_integer",
      "name": "sample",
      "provider": "provider[\"registry.terraform.io/hashicorp/random\"]",
      "instances": [
        {
          "schema_version": 0,
          "attributes": {
            "id": "27",
            "keepers": null,
            "max": 100,
            "min": 10,
            "result": 27,
            "seed": null
          },
          "sensitive_attributes": [],
          "identity_schema_version": 0
        }
      ]
    }
  ],
  "check_results": null
}
