{
  "version": 4,
  "terraform_version": "1.14.3",
  "serial": 53,
  "lineage": "9a97a68b-e6d4-2fb5-2c3e-a3c3293ea2eb",
  "outputs": {
    "result": {
      "value": "This is the first file out of 3 files",
      "type": "string"
    }
  },
  "resources": [
    {
      "mode": "data",
      "type": "local_file",
      "name": "readfile",
      "provider": "provider[\"registry.terraform.io/hashicorp/local\"]",
      "instances": [
        {
          "schema_version": 0,
          "attributes": {
            "content": "This is the first file out of 3 files",
            "content_base64": "VGhpcyBpcyB0aGUgZmlyc3QgZmlsZSBvdXQgb2YgMyBmaWxlcw==",
            "content_base64sha256": "oGk16ApxyjA7NV5HgUwWJqZ19QDE3YcTZOcQk8cAu1Q=",
            "content_base64sha512": "/3D9maWChEQvtwXu62LbRFRYht92c9t3zxLq7/2j6NEarvgHPbYknzV6IgdmZpPeOZNR45fVneVESzCkP2M+Cg==",
            "content_md5": "c5e4d6b5da91c35a332e5b0d61078a47",
            "content_sha1": "a3346d63a7157bbb5558c0863e671442c354b711",
            "content_sha256": "a06935e80a71ca303b355e47814c1626a675f500c4dd871364e71093c700bb54",
            "content_sha512": "ff70fd99a58284442fb705eeeb62db44545886df7673db77cf12eaeffda3e8d11aaef8073db6249f357a2207666693de399351e397d59de5444b30a43f633e0a",
            "filename": "/Users/chidu/Desktop/Devops/terraform/file1.txt",
            "id": "a3346d63a7157bbb5558c0863e671442c354b711"
          },
          "sensitive_attributes": [],
          "identity_schema_version": 0
        }
      ]
    },
    {
      "mode": "managed",
      "type": "local_file",
      "name": "r1",
      "provider": "provider[\"registry.terraform.io/hashicorp/local\"]",
      "instances": [
        {
          "schema_version": 0,
          "attributes": {
            "content": "VGhpcyBpcyB0aGUgZmlyc3QgZmlsZSBvdXQgb2YgMyBmaWxlcw==",
            "content_base64": null,
            "content_base64sha256": "5efv9d0TEP7Iy93gFRwT0PbKEqNqEDtefi6Lxtyxhjc=",
            "content_base64sha512": "yld/Pp++EflKzu41ofSjPQKh/gqPRRj6vXE/Xd8rjIEThWp0svLZRRiumaSXT0jbGteRzVjgJyWKZpxpWxwPzA==",
            "content_md5": "e38425fa08984284167729cd352943dd",
            "content_sha1": "c580300dd254fe03f334aaca7e1a2df805d7b49f",
            "content_sha256": "e5e7eff5dd1310fec8cbdde0151c13d0f6ca12a36a103b5e7e2e8bc6dcb18637",
            "content_sha512": "ca577f3e9fbe11f94aceee35a1f4a33d02a1fe0a8f4518fabd713f5ddf2b8c8113856a74b2f2d94518ae99a4974f48db1ad791cd58e027258a669c695b1c0fcc",
            "directory_permission": "0777",
            "file_permission": "0777",
            "filename": "qwrty.txt",
            "id": "c580300dd254fe03f334aaca7e1a2df805d7b49f",
            "sensitive_content": null,
            "source": null
          },
          "sensitive_attributes": [
            [
              {
                "type": "get_attr",
                "value": "sensitive_content"
              }
            ]
          ],
          "identity_schema_version": 0,
          "dependencies": [
            "data.local_file.readfile"
          ]
        }
      ]
    }
  ],
  "check_results": null
}
