{
  "version": 4,
  "terraform_version": "1.14.3",
  "serial": 46,
  "lineage": "455e783e-a7fb-207c-3a7b-4ca7edf47a84",
  "outputs": {},
  "resources": [
    {
      "mode": "managed",
      "type": "local_file",
      "name": "test",
      "provider": "provider[\"registry.terraform.io/hashicorp/local\"]",
      "instances": [
        {
          "schema_version": 0,
          "attributes": {
            "content": "2\n3",
            "content_base64": null,
            "content_base64sha256": "kG8ecdihjj49ORKLX6VJoazS99ePZTjm4IPDsyKabkQ=",
            "content_base64sha512": "wBzADNczOlpfjuOmAQmMVsWbp4vLEX7oKQGRZFeGQj9v/zCnmZ8j7s1cycRDtWzOcWy6e8aEXDPuqnRuv0/oHA==",
            "content_md5": "ff1e077fc54f12eec8a558fcb6561213",
            "content_sha1": "7d28d482cd68941be0d0b6c187cff4122f199256",
            "content_sha256": "906f1e71d8a18e3e3d39128b5fa549a1acd2f7d78f6538e6e083c3b3229a6e44",
            "content_sha512": "c01cc00cd7333a5a5f8ee3a601098c56c59ba78bcb117ee8290191645786423f6fff30a7999f23eecd5cc9c443b56cce716cba7bc6845c33eeaa746ebf4fe81c",
            "directory_permission": "0777",
            "file_permission": "0777",
            "filename": "abx.txt",
            "id": "7d28d482cd68941be0d0b6c187cff4122f199256",
            "sensitive_content": null,
            "source": null
          },
          "sensitive_attributes": [
            [
              {
                "type": "get_attr",
                "value": "sensitive_content"
              }
            ]
          ],
          "identity_schema_version": 0
        }
      ]
    }
  ],
  "check_results": null
}
