{
  "version": 4,
  "terraform_version": "1.14.3",
  "serial": 43,
  "lineage": "455e783e-a7fb-207c-3a7b-4ca7edf47a84",
  "outputs": {},
  "resources": [
    {
      "mode": "managed",
      "type": "local_file",
      "name": "test",
      "provider": "provider[\"registry.terraform.io/hashicorp/local\"]",
      "instances": [
        {
          "schema_version": 0,
          "attributes": {
            "content": "good evening\ngood afternoon",
            "content_base64": null,
            "content_base64sha256": "HL5aDft713Z4quMrjLSBzRHYQaloRh7uPkMNVypYQtM=",
            "content_base64sha512": "b4tiFmZrgan12d8o9fkDbcdqWdL36V+yJRmYFgdsX7wnLB2i0eEQpA8LQlUVSOD8ord66LVUXpJE99jrCmty1A==",
            "content_md5": "d2f5cc17eae37cea6b757970b4ff7e5c",
            "content_sha1": "42f2bfafeb39559f770bb4c033acaa77f711e06a",
            "content_sha256": "1cbe5a0dfb7bd77678aae32b8cb481cd11d841a968461eee3e430d572a5842d3",
            "content_sha512": "6f8b6216666b81a9f5d9df28f5f9036dc76a59d2f7e95fb225199816076c5fbc272c1da2d1e110a40f0b42551548e0fca2b77ae8b5545e9244f7d8eb0a6b72d4",
            "directory_permission": "0777",
            "file_permission": "0777",
            "filename": "abx.txt",
            "id": "42f2bfafeb39559f770bb4c033acaa77f711e06a",
            "sensitive_content": null,
            "source": null
          },
          "sensitive_attributes": [
            [
              {
                "type": "get_attr",
                "value": "sensitive_content"
              }
            ]
          ],
          "identity_schema_version": 0
        }
      ]
    }
  ],
  "check_results": null
}
