{
  "version": 4,
  "terraform_version": "1.14.3",
  "serial": 65,
  "lineage": "455e783e-a7fb-207c-3a7b-4ca7edf47a84",
  "outputs": {
    "res": {
      "value": "good",
      "type": "string"
    }
  },
  "resources": [
    {
      "mode": "managed",
      "type": "local_file",
      "name": "f1",
      "provider": "provider[\"registry.terraform.io/hashicorp/local\"]",
      "instances": [
        {
          "schema_version": 0,
          "attributes": {
            "content": "jko",
            "content_base64": null,
            "content_base64sha256": "YG2qshrJiCfg4aWGa8equHAZmwhUDjULNQ7grubP/PE=",
            "content_base64sha512": "d6FszWviBsNN8qD99xHqLZkbOFNj4G99aD2iKlaCIh0ljRm//kO6VwHgwFy/uTV8/o2XHdG11rJcvLhOsmTETg==",
            "content_md5": "7a3ca4675948977ee545bb8447dc4fb8",
            "content_sha1": "a53f8b6d23d0c90974b6344511830a0b6372a329",
            "content_sha256": "606daab21ac98827e0e1a5866bc7aab870199b08540e350b350ee0aee6cffcf1",
            "content_sha512": "77a16ccd6be206c34df2a0fdf711ea2d991b385363e06f7d683da22a5682221d258d19bffe43ba5701e0c05cbfb9357cfe8d971dd1b5d6b25cbcb84eb264c44e",
            "directory_permission": "0777",
            "file_permission": "0777",
            "filename": "good",
            "id": "a53f8b6d23d0c90974b6344511830a0b6372a329",
            "sensitive_content": null,
            "source": null
          },
          "sensitive_attributes": [
            [
              {
                "type": "get_attr",
                "value": "sensitive_content"
              }
            ]
          ],
          "identity_schema_version": 0
        }
      ]
    }
  ],
  "check_results": null
}
