{
  "version": 4,
  "terraform_version": "1.14.3",
  "serial": 62,
  "lineage": "455e783e-a7fb-207c-3a7b-4ca7edf47a84",
  "outputs": {
    "res": {
      "value": "good",
      "type": "string"
    }
  },
  "resources": [
    {
      "mode": "managed",
      "type": "local_file",
      "name": "f1",
      "provider": "provider[\"registry.terraform.io/hashicorp/local\"]",
      "instances": [
        {
          "schema_version": 0,
          "attributes": {
            "content": "hello",
            "content_base64": null,
            "content_base64sha256": "LPJNul+wow4m6DsqxbninhsWHlwfp0JecwQzYpOLmCQ=",
            "content_base64sha512": "m3HSJL1i83hdltRq0+o9czGb+8KJDKra4t/3JRlnPKcjI8PZm6XBHXx6zG4UuMXaDEZjR1wuXDre9G9zvN7AQw==",
            "content_md5": "5d41402abc4b2a76b9719d911017c592",
            "content_sha1": "aaf4c61ddcc5e8a2dabede0f3b482cd9aea9434d",
            "content_sha256": "2cf24dba5fb0a30e26e83b2ac5b9e29e1b161e5c1fa7425e73043362938b9824",
            "content_sha512": "9b71d224bd62f3785d96d46ad3ea3d73319bfbc2890caadae2dff72519673ca72323c3d99ba5c11d7c7acc6e14b8c5da0c4663475c2e5c3adef46f73bcdec043",
            "directory_permission": "0777",
            "file_permission": "0777",
            "filename": "good",
            "id": "aaf4c61ddcc5e8a2dabede0f3b482cd9aea9434d",
            "sensitive_content": null,
            "source": null
          },
          "sensitive_attributes": [
            [
              {
                "type": "get_attr",
                "value": "sensitive_content"
              }
            ]
          ],
          "identity_schema_version": 0
        }
      ]
    }
  ],
  "check_results": null
}
