{
  "version": 4,
  "terraform_version": "1.14.3",
  "serial": 7,
  "lineage": "ed80834d-03dc-3f66-f162-ab374a365933",
  "outputs": {
    "result": {
      "value": "-29a6pGyvqY",
      "type": "string"
    }
  },
  "resources": [
    {
      "mode": "managed",
      "type": "random_id",
      "name": "example",
      "provider": "provider[\"registry.terraform.io/hashicorp/random\"]",
      "instances": [
        {
          "schema_version": 0,
          "attributes": {
            "b64_std": "+29a6pGyvqY=",
            "b64_url": "-29a6pGyvqY",
            "byte_length": 8,
            "dec": "18117799789448052390",
            "hex": "fb6f5aea91b2bea6",
            "id": "-29a6pGyvqY",
            "keepers": null,
            "prefix": null
          },
          "sensitive_attributes": [],
          "identity_schema_version": 0
        }
      ]
    }
  ],
  "check_results": null
}
