{
  "version": 4,
  "terraform_version": "1.14.3",
  "serial": 23,
  "lineage": "62edb7f3-93be-6e70-b518-bbbc92e0985e",
  "outputs": {
    "listupper": {
      "value": [
        "PLAYER1",
        "PLAYER2"
      ],
      "type": [
        "tuple",
        [
          "string",
          "string"
        ]
      ]
    },
    "mapupper": {
      "value": {
        "NAME1": "chidu",
        "NAME2": "hydra"
      },
      "type": [
        "object",
        {
          "NAME1": "string",
          "NAME2": "string"
        }
      ]
    }
  },
  "resources": [
    {
      "mode": "managed",
      "type": "local_file",
      "name": "test1",
      "provider": "provider[\"registry.terraform.io/hashicorp/local\"]",
      "instances": [
        {
          "index_key": 0,
          "schema_version": 0,
          "attributes": {
            "content": "Players list",
            "content_base64": null,
            "content_base64sha256": "PCo/LgaywvyyQN7yvIAWQFAh268/JujJefOEVkwE4ic=",
            "content_base64sha512": "73NsndDnAVqbO5YrvqWZLTMIkGmBOtQXDYi+dw2tSBt24kMkxr8qWGBDHj4Wb3V2J0dakNGhTtc8b1A5a1wlkQ==",
            "content_md5": "bf8ae1ddb923a3a66bd919bf42c032d0",
            "content_sha1": "348005cc8d1ffc5e97b05fb25941806335c5b7c4",
            "content_sha256": "3c2a3f2e06b2c2fcb240def2bc8016405021dbaf3f26e8c979f384564c04e227",
            "content_sha512": "ef736c9dd0e7015a9b3b962bbea5992d33089069813ad4170d88be770dad481b76e24324c6bf2a5860431e3e166f757627475a90d1a14ed73c6f50396b5c2591",
            "directory_permission": "0777",
            "file_permission": "0777",
            "filename": "CHIDU",
            "id": "348005cc8d1ffc5e97b05fb25941806335c5b7c4",
            "sensitive_content": null,
            "source": null
          },
          "sensitive_attributes": [
            [
              {
                "type": "get_attr",
                "value": "sensitive_content"
              }
            ]
          ],
          "identity_schema_version": 0
        },
        {
          "index_key": 1,
          "schema_version": 0,
          "attributes": {
            "content": "Players list",
            "content_base64": null,
            "content_base64sha256": "PCo/LgaywvyyQN7yvIAWQFAh268/JujJefOEVkwE4ic=",
            "content_base64sha512": "73NsndDnAVqbO5YrvqWZLTMIkGmBOtQXDYi+dw2tSBt24kMkxr8qWGBDHj4Wb3V2J0dakNGhTtc8b1A5a1wlkQ==",
            "content_md5": "bf8ae1ddb923a3a66bd919bf42c032d0",
            "content_sha1": "348005cc8d1ffc5e97b05fb25941806335c5b7c4",
            "content_sha256": "3c2a3f2e06b2c2fcb240def2bc8016405021dbaf3f26e8c979f384564c04e227",
            "content_sha512": "ef736c9dd0e7015a9b3b962bbea5992d33089069813ad4170d88be770dad481b76e24324c6bf2a5860431e3e166f757627475a90d1a14ed73c6f50396b5c2591",
            "directory_permission": "0777",
            "file_permission": "0777",
            "filename": "HYDRA",
            "id": "348005cc8d1ffc5e97b05fb25941806335c5b7c4",
            "sensitive_content": null,
            "source": null
          },
          "sensitive_attributes": [
            [
              {
                "type": "get_attr",
                "value": "sensitive_content"
              }
            ]
          ],
          "identity_schema_version": 0
        }
      ]
    }
  ],
  "check_results": null
}
