{
  "version": 4,
  "terraform_version": "1.14.3",
  "serial": 14,
  "lineage": "62edb7f3-93be-6e70-b518-bbbc92e0985e",
  "outputs": {},
  "resources": [
    {
      "mode": "managed",
      "type": "local_file",
      "name": "forEHdemo",
      "provider": "provider[\"registry.terraform.io/hashicorp/local\"]",
      "instances": [
        {
          "index_key": "file1",
          "schema_version": 0,
          "attributes": {
            "content": "Hello from file 1",
            "content_base64": null,
            "content_base64sha256": "0oudHdQUDQaskbSJqC1gd88uFLChwa0lTXDLsHpNV2Q=",
            "content_base64sha512": "KUPkZdcwB+4GemZY9C/Cl8YbSa+IpqrS2WLmDtENUdkJJ1K1DDxuGkvaDFrK1su0tGIYee+7p8MJcNPklQeUbQ==",
            "content_md5": "9f5043944733742f5972446739fb46f0",
            "content_sha1": "716e5ab09f197058181f671263c06c0a4db6d1d3",
            "content_sha256": "d28b9d1dd4140d06ac91b489a82d6077cf2e14b0a1c1ad254d70cbb07a4d5764",
            "content_sha512": "2943e465d73007ee067a6658f42fc297c61b49af88a6aad2d962e60ed10d51d9092752b50c3c6e1a4bda0c5acad6cbb4b4621879efbba7c30970d3e49507946d",
            "directory_permission": "0777",
            "file_permission": "0777",
            "filename": "file1.txt",
            "id": "716e5ab09f197058181f671263c06c0a4db6d1d3",
            "sensitive_content": null,
            "source": null
          },
          "sensitive_attributes": [
            [
              {
                "type": "get_attr",
                "value": "sensitive_content"
              }
            ]
          ],
          "identity_schema_version": 0
        },
        {
          "index_key": "file2",
          "schema_version": 0,
          "attributes": {
            "content": "Hello from file 2",
            "content_base64": null,
            "content_base64sha256": "6dUKZA76DM6Z/r0GgVgPJOtWx14spx/GGfwCzH5q54k=",
            "content_base64sha512": "bRSPk0bICXevfRBGj+9RJ2H6c+zCseG97rUxOzOpqJdUdhYMdylu+b8Ouw4kThshwGka02SR1sdXFEugBuG4Qg==",
            "content_md5": "b315337e19ea47a3c6f76da5ded2ac15",
            "content_sha1": "4921b564760ab7427e60e123c687768d780f2db2",
            "content_sha256": "e9d50a640efa0cce99febd0681580f24eb56c75e2ca71fc619fc02cc7e6ae789",
            "content_sha512": "6d148f9346c80977af7d10468fef512761fa73ecc2b1e1bdeeb5313b33a9a8975476160c77296ef9bf0ebb0e244e1b21c0691ad36491d6c757144ba006e1b842",
            "directory_permission": "0777",
            "file_permission": "0777",
            "filename": "file2.txt",
            "id": "4921b564760ab7427e60e123c687768d780f2db2",
            "sensitive_content": null,
            "source": null
          },
          "sensitive_attributes": [
            [
              {
                "type": "get_attr",
                "value": "sensitive_content"
              }
            ]
          ],
          "identity_schema_version": 0
        }
      ]
    }
  ],
  "check_results": null
}
