{
  "version": 4,
  "terraform_version": "1.14.3",
  "serial": 6,
  "lineage": "62edb7f3-93be-6e70-b518-bbbc92e0985e",
  "outputs": {},
  "resources": [
    {
      "mode": "managed",
      "type": "local_file",
      "name": "f12",
      "provider": "provider[\"registry.terraform.io/hashicorp/local\"]",
      "instances": [
        {
          "index_key": "abcd.txt",
          "schema_version": 0,
          "attributes": {
            "content": "aaa",
            "content_base64": null,
            "content_base64sha256": "mDSHbc+wXLFnpcJJU+uljErImxrfV/KPL50JrxB+6PA=",
            "content_base64sha512": "1vZEsZgS6XtdhxZY1tNADs1Hh/rrm4mQwedggohmS+dyVxBKWNAzvPGg4JRf8GRo6+U+Lf824khCTHJzEX2sCQ==",
            "content_md5": "47bce5c74f589f4867dbd57e9ca9f808",
            "content_sha1": "7e240de74fb1ed08fa08d38063f6a6a91462a815",
            "content_sha256": "9834876dcfb05cb167a5c24953eba58c4ac89b1adf57f28f2f9d09af107ee8f0",
            "content_sha512": "d6f644b19812e97b5d871658d6d3400ecd4787faeb9b8990c1e7608288664be77257104a58d033bcf1a0e0945ff06468ebe53e2dff36e248424c7273117dac09",
            "directory_permission": "0777",
            "file_permission": "0777",
            "filename": "abcd.txt",
            "id": "7e240de74fb1ed08fa08d38063f6a6a91462a815",
            "sensitive_content": null,
            "source": null
          },
          "sensitive_attributes": [
            [
              {
                "type": "get_attr",
                "value": "sensitive_content"
              }
            ]
          ],
          "identity_schema_version": 0
        },
        {
          "index_key": "xyzd.txt",
          "schema_version": 0,
          "attributes": {
            "content": "aaa",
            "content_base64": null,
            "content_base64sha256": "mDSHbc+wXLFnpcJJU+uljErImxrfV/KPL50JrxB+6PA=",
            "content_base64sha512": "1vZEsZgS6XtdhxZY1tNADs1Hh/rrm4mQwedggohmS+dyVxBKWNAzvPGg4JRf8GRo6+U+Lf824khCTHJzEX2sCQ==",
            "content_md5": "47bce5c74f589f4867dbd57e9ca9f808",
            "content_sha1": "7e240de74fb1ed08fa08d38063f6a6a91462a815",
            "content_sha256": "9834876dcfb05cb167a5c24953eba58c4ac89b1adf57f28f2f9d09af107ee8f0",
            "content_sha512": "d6f644b19812e97b5d871658d6d3400ecd4787faeb9b8990c1e7608288664be77257104a58d033bcf1a0e0945ff06468ebe53e2dff36e248424c7273117dac09",
            "directory_permission": "0777",
            "file_permission": "0777",
            "filename": "xyzd.txt",
            "id": "7e240de74fb1ed08fa08d38063f6a6a91462a815",
            "sensitive_content": null,
            "source": null
          },
          "sensitive_attributes": [
            [
              {
                "type": "get_attr",
                "value": "sensitive_content"
              }
            ]
          ],
          "identity_schema_version": 0
        }
      ]
    }
  ],
  "check_results": null
}
