{
  "version": 4,
  "terraform_version": "1.14.3",
  "serial": 19,
  "lineage": "ed80834d-03dc-3f66-f162-ab374a365933",
  "outputs": {
    "result": {
      "value": "monthly-partly-externally-current-egret",
      "type": "string"
    }
  },
  "resources": [
    {
      "mode": "managed",
      "type": "random_pet",
      "name": "sample",
      "provider": "provider[\"registry.terraform.io/hashicorp/random\"]",
      "instances": [
        {
          "schema_version": 0,
          "attributes": {
            "id": "monthly-partly-externally-current-egret",
            "keepers": null,
            "length": 5,
            "prefix": null,
            "separator": "-"
          },
          "sensitive_attributes": [],
          "identity_schema_version": 0
        }
      ]
    }
  ],
  "check_results": null
}
