{
  "version": 4,
  "terraform_version": "1.14.3",
  "serial": 10,
  "lineage": "ed80834d-03dc-3f66-f162-ab374a365933",
  "outputs": {
    "result": {
      "value": "hhyUdpJyjHU",
      "type": "string"
    }
  },
  "resources": [
    {
      "mode": "managed",
      "type": "random_id",
      "name": "example",
      "provider": "provider[\"registry.terraform.io/hashicorp/random\"]",
      "instances": [
        {
          "schema_version": 0,
          "attributes": {
            "b64_std": "hhyUdpJyjHU=",
            "b64_url": "hhyUdpJyjHU",
            "byte_length": 8,
            "dec": "9663762137414274165",
            "hex": "861c947692728c75",
            "id": "hhyUdpJyjHU",
            "keepers": null,
            "prefix": null
          },
          "sensitive_attributes": [],
          "identity_schema_version": 0
        }
      ]
    }
  ],
  "check_results": null
}
