{
  "version": 4,
  "terraform_version": "1.14.3",
  "serial": 22,
  "lineage": "ed80834d-03dc-3f66-f162-ab374a365933",
  "outputs": {
    "result": {
      "value": [
        "a",
        "d",
        "b",
        "c"
      ],
      "type": [
        "list",
        "string"
      ]
    }
  },
  "resources": [
    {
      "mode": "managed",
      "type": "random_shuffle",
      "name": "sample",
      "provider": "provider[\"registry.terraform.io/hashicorp/random\"]",
      "instances": [
        {
          "schema_version": 0,
          "attributes": {
            "id": "-",
            "input": [
              "a",
              "b",
              "c",
              "d"
            ],
            "keepers": null,
            "result": [
              "a",
              "d",
              "b",
              "c"
            ],
            "result_count": null,
            "seed": null
          },
          "sensitive_attributes": [],
          "identity_schema_version": 0
        }
      ]
    }
  ],
  "check_results": null
}
