{
  "version": 4,
  "terraform_version": "1.14.3",
  "serial": 20,
  "lineage": "be1d734b-853c-7475-0ef0-65f91f486890",
  "outputs": {},
  "resources": [
    {
      "mode": "managed",
      "type": "local_file",
      "name": "f1",
      "provider": "provider[\"registry.terraform.io/hashicorp/local\"]",
      "instances": [
        {
          "schema_version": 0,
          "attributes": {
            "content": "Default content was changed",
            "content_base64": null,
            "content_base64sha256": "w1KwK3TBu5Kuf0IgKdYVbHASFnLMxHLW1AsN0Xok7qM=",
            "content_base64sha512": "eswNQhWLz97DMsQEHiT9Bo10jtW4udpfpuaiu/fdC7dDcgy6/fth1bKySAgZu7uZAnQzNiFpTEDRB9rNAArtWQ==",
            "content_md5": "febd3fc619fc11bd03c0a3233a5e520b",
            "content_sha1": "e022c1a9d7f20db698f3b279d7029f92ad7765f4",
            "content_sha256": "c352b02b74c1bb92ae7f422029d6156c70121672ccc472d6d40b0dd17a24eea3",
            "content_sha512": "7acc0d42158bcfdec332c4041e24fd068d748ed5b8b9da5fa6e6a2bbf7dd0bb743720cbafdfb61d5b2b2480819bbbb990274333621694c40d107dacd000aed59",
            "directory_permission": "0777",
            "file_permission": "0777",
            "filename": "abc.txt",
            "id": "e022c1a9d7f20db698f3b279d7029f92ad7765f4",
            "sensitive_content": null,
            "source": null
          },
          "sensitive_attributes": [
            [
              {
                "type": "get_attr",
                "value": "sensitive_content"
              }
            ]
          ],
          "identity_schema_version": 0
        }
      ]
    }
  ],
  "check_results": null
}
