{
  "version": 4,
  "terraform_version": "1.14.3",
  "serial": 4,
  "lineage": "980fe7c1-560d-8c2b-a72f-c1b2f7fa32d1",
  "outputs": {
    "rg-id": {
      "value": "/subscriptions/6a6991ac-13fa-4cad-8cb4-87d94302dd32/resourceGroups/rg-terra-chidu",
      "type": "string"
    },
    "vnet-id": {
      "value": "/subscriptions/6a6991ac-13fa-4cad-8cb4-87d94302dd32/resourceGroups/rg-terra-chidu/providers/Microsoft.Network/virtualNetworks/chidu-vnet",
      "type": "string"
    }
  },
  "resources": [
    {
      "mode": "data",
      "type": "azurerm_resource_group",
      "name": "example",
      "provider": "provider[\"registry.terraform.io/hashicorp/azurerm\"]",
      "instances": [
        {
          "schema_version": 0,
          "attributes": {
            "id": "/subscriptions/6a6991ac-13fa-4cad-8cb4-87d94302dd32/resourceGroups/rg-terra-chidu",
            "location": "westeurope",
            "managed_by": "",
            "name": "rg-terra-chidu",
            "tags": {},
            "timeouts": null
          },
          "sensitive_attributes": [],
          "identity_schema_version": 0
        }
      ]
    },
    {
      "mode": "managed",
      "type": "azurerm_virtual_network",
      "name": "vnet",
      "provider": "provider[\"registry.terraform.io/hashicorp/azurerm\"]",
      "instances": [
        {
          "schema_version": 0,
          "attributes": {
            "address_space": [
              "10.0.0.0/16"
            ],
            "bgp_community": "",
            "ddos_protection_plan": [],
            "dns_servers": [],
            "edge_zone": "",
            "encryption": [],
            "flow_timeout_in_minutes": 0,
            "guid": "8f5e67d3-9ccd-4b47-a9a8-6d162db8b337",
            "id": "/subscriptions/6a6991ac-13fa-4cad-8cb4-87d94302dd32/resourceGroups/rg-terra-chidu/providers/Microsoft.Network/virtualNetworks/chidu-vnet",
            "ip_address_pool": [],
            "location": "westeurope",
            "name": "chidu-vnet",
            "private_endpoint_vnet_policies": "Disabled",
            "resource_group_name": "rg-terra-chidu",
            "subnet": [
              {
                "address_prefixes": [
                  "10.0.1.0/24"
                ],
                "default_outbound_access_enabled": true,
                "delegation": [],
                "id": "/subscriptions/6a6991ac-13fa-4cad-8cb4-87d94302dd32/resourceGroups/rg-terra-chidu/providers/Microsoft.Network/virtualNetworks/chidu-vnet/subnets/subnet1",
                "name": "subnet1",
                "private_endpoint_network_policies": "Disabled",
                "private_link_service_network_policies_enabled": true,
                "route_table_id": "",
                "security_group": "",
                "service_endpoint_policy_ids": [],
                "service_endpoints": []
              }
            ],
            "tags": {},
            "timeouts": null
          },
          "sensitive_attributes": [],
          "identity_schema_version": 0,
          "identity": {
            "name": "chidu-vnet",
            "resource_group_name": "rg-terra-chidu",
            "subscription_id": "6a6991ac-13fa-4cad-8cb4-87d94302dd32"
          },
          "private": "eyJlMmJmYjczMC1lY2FhLTExZTYtOGY4OC0zNDM2M2JjN2M0YzAiOnsiY3JlYXRlIjoxODAwMDAwMDAwMDAwLCJkZWxldGUiOjE4MDAwMDAwMDAwMDAsInJlYWQiOjMwMDAwMDAwMDAwMCwidXBkYXRlIjoxODAwMDAwMDAwMDAwfX0=",
          "dependencies": [
            "data.azurerm_resource_group.example"
          ]
        }
      ]
    }
  ],
  "check_results": null
}
