{
  "version": 4,
  "terraform_version": "1.14.3",
  "serial": 7,
  "lineage": "de7a7d22-ec38-da00-31a0-706499e68990",
  "outputs": {},
  "resources": [
    {
      "mode": "managed",
      "type": "local_file",
      "name": "t1",
      "provider": "provider[\"registry.terraform.io/hashicorp/local\"]",
      "instances": [
        {
          "schema_version": 0,
          "attributes": {
            "content": "Enter the value for the content variable for interactive way.",
            "content_base64": null,
            "content_base64sha256": "E08A5bEVnTh9zyZsMv3kOz37VWK/CPDk2qHsO6lc2ic=",
            "content_base64sha512": "YhCS8pIVJI/SS2tkl4U5l7hq9u28lH/GXCPPccJQrasU2PNJsJVryyu3mry2coS9FM85IhcvhEdK1wC2qsleag==",
            "content_md5": "b26144092b6fe3040eab8f1c12178768",
            "content_sha1": "fd9859c40a59375753e3f669573f23839cdeb064",
            "content_sha256": "134f00e5b1159d387dcf266c32fde43b3dfb5562bf08f0e4daa1ec3ba95cda27",
            "content_sha512": "621092f29215248fd24b6b6497853997b86af6edbc947fc65c23cf71c250adab14d8f349b0956bcb2bb79abcb67284bd14cf3922172f84474ad700b6aac95e6a",
            "directory_permission": "0777",
            "file_permission": "0777",
            "filename": "interactive.txt",
            "id": "fd9859c40a59375753e3f669573f23839cdeb064",
            "sensitive_content": null,
            "source": null
          },
          "sensitive_attributes": [
            [
              {
                "type": "get_attr",
                "value": "sensitive_content"
              }
            ]
          ],
          "identity_schema_version": 0
        }
      ]
    },
    {
      "mode": "managed",
      "type": "local_file",
      "name": "t2",
      "provider": "provider[\"registry.terraform.io/hashicorp/local\"]",
      "instances": [
        {
          "schema_version": 0,
          "attributes": {
            "content": " This is the default content value set",
            "content_base64": null,
            "content_base64sha256": "Rmsri0JnJ21z3O/bLQ0UNFTNSxwTlIZ2jl6D9UVFpUo=",
            "content_base64sha512": "0oHS1U9wVhqSmihziguoQR/dL6w8M+HpYIfOVVs5TSstHIGwwEeaPMQRiGnrh8A/MlBqP9Xh1qJloYgR/MyNwA==",
            "content_md5": "43bedbbcaf2e8e34d4d0efec13e15eeb",
            "content_sha1": "f0650b9418d0090886e92db2ec9d10208359802e",
            "content_sha256": "466b2b8b4267276d73dcefdb2d0d143454cd4b1c139486768e5e83f54545a54a",
            "content_sha512": "d281d2d54f70561a929a28738a0ba8411fdd2fac3c33e1e96087ce555b394d2b2d1c81b0c0479a3cc4118869eb87c03f32506a3fd5e1d6a265a18811fccc8dc0",
            "directory_permission": "0777",
            "file_permission": "0777",
            "filename": "default.txt",
            "id": "f0650b9418d0090886e92db2ec9d10208359802e",
            "sensitive_content": null,
            "source": null
          },
          "sensitive_attributes": [
            [
              {
                "type": "get_attr",
                "value": "sensitive_content"
              }
            ]
          ],
          "identity_schema_version": 0
        }
      ]
    }
  ],
  "check_results": null
}
