{
  "version": 4,
  "terraform_version": "1.14.3",
  "serial": 3,
  "lineage": "de7a7d22-ec38-da00-31a0-706499e68990",
  "outputs": {},
  "resources": [
    {
      "mode": "managed",
      "type": "local_file",
      "name": "t1",
      "provider": "provider[\"registry.terraform.io/hashicorp/local\"]",
      "instances": [
        {
          "schema_version": 0,
          "attributes": {
            "content": "Interractive way of injecting values to the variable.",
            "content_base64": null,
            "content_base64sha256": "fqVbQFautfcPBKrMNXaPA2ZlbmSSHfmNyWLhls/nftk=",
            "content_base64sha512": "niCdeu3iA8ZFC2Q5bvv5Mle8l6yMczRGq4YlqutYxO7LMJQnBLXZioLDI+265HOG/IAd/qXWfRxAA+JCzRIA/Q==",
            "content_md5": "58306941be2f17ae6ea40366e4fad58a",
            "content_sha1": "c711ca0c67c2d78b2f0efe9c0396de63adc20caa",
            "content_sha256": "7ea55b4056aeb5f70f04aacc35768f0366656e64921df98dc962e196cfe77ed9",
            "content_sha512": "9e209d7aede203c6450b64396efbf93257bc97ac8c733446ab8625aaeb58c4eecb30942704b5d98a82c323edbae47386fc801dfea5d67d1c4003e242cd1200fd",
            "directory_permission": "0777",
            "file_permission": "0777",
            "filename": "interactive.txt",
            "id": "c711ca0c67c2d78b2f0efe9c0396de63adc20caa",
            "sensitive_content": null,
            "source": null
          },
          "sensitive_attributes": [
            [
              {
                "type": "get_attr",
                "value": "sensitive_content"
              }
            ]
          ],
          "identity_schema_version": 0
        }
      ]
    }
  ],
  "check_results": null
}
