{
  "version": 4,
  "terraform_version": "1.14.3",
  "serial": 11,
  "lineage": "830eade6-ca2b-1c8c-7a80-6b992078719f",
  "outputs": {
    "result": {
      "value": "l-37mySfghIZH_uY",
      "type": "string"
    }
  },
  "resources": [
    {
      "mode": "managed",
      "type": "random_string",
      "name": "sample",
      "provider": "provider[\"registry.terraform.io/hashicorp/random\"]",
      "instances": [
        {
          "schema_version": 2,
          "attributes": {
            "id": "l-37mySfghIZH_uY",
            "keepers": null,
            "length": 16,
            "lower": true,
            "min_lower": 0,
            "min_numeric": 0,
            "min_special": 0,
            "min_upper": 0,
            "number": true,
            "numeric": true,
            "override_special": null,
            "result": "l-37mySfghIZH_uY",
            "special": true,
            "upper": true
          },
          "sensitive_attributes": [],
          "identity_schema_version": 0
        }
      ]
    }
  ],
  "check_results": null
}
